
Microsoft Visual Studio Solution File, Format Version 12.00
# Visual Studio 15
VisualStudioVersion = 15.0.28307.489
MinimumVisualStudioVersion = 10.0.40219.1
Project("{8BC9CEB8-8B4A-11D0-8D11-00A0C91BC942}") = "SimpleClock", "SimpleClock.vcxproj", "{CA7ABAE2-522A-49DD-9497-EB20A76639F9}"
EndProject
Global
	GlobalSection(SolutionConfigurationPlatforms) = preSolution
		Debug|x64 = Debug|x64
		Debug|x86 = Debug|x86
		Release|x64 = Release|x64
		Release|x86 = Release|x86
	EndGlobalSection
	GlobalSection(ProjectConfigurationPlatforms) = postSolution
		{CA7ABAE2-522A-49DD-9497-EB20A76639F9}.Debug|x64.ActiveCfg = Debug|x64
		{CA7ABAE2-522A-49DD-9497-EB20A76639F9}.Debug|x64.Build.0 = Debug|x64
		{CA7ABAE2-522A-49DD-9497-EB20A76639F9}.Debug|x86.ActiveCfg = Debug|Win32
		{CA7ABAE2-522A-49DD-9497-EB20A76639F9}.Debug|x86.Build.0 = Debug|Win32
		{CA7ABAE2-522A-49DD-9497-EB20A76639F9}.Release|x64.ActiveCfg = Release|x64
		{CA7ABAE2-522A-49DD-9497-EB20A76639F9}.Release|x64.Build.0 = Release|x64
		{CA7ABAE2-522A-49DD-9497-EB20A76639F9}.Release|x86.ActiveCfg = Release|Win32
		{CA7ABAE2-522A-49DD-9497-EB20A76639F9}.Release|x86.Build.0 = Release|Win32
	EndGlobalSection
	GlobalSection(SolutionProperties) = preSolution
		HideSolutionNode = FALSE
	EndGlobalSection
	GlobalSection(ExtensibilityGlobals) = postSolution
		SolutionGuid = {CFD53E7B-9389-4836-B59F-A14F7A48CE4E}
	EndGlobalSection
EndGlobal
