<?xml version="1.0" encoding="utf-8"?>
<Project ToolsVersion="4.0" xmlns="http://schemas.microsoft.com/developer/msbuild/2003">
  <ItemGroup>
    <Filter Include="源文件">
      <UniqueIdentifier>{4FC737F1-C7A5-4376-A066-2A32D752A2FF}</UniqueIdentifier>
      <Extensions>cpp;c;cc;cxx;def;odl;idl;hpj;bat;asm;asmx</Extensions>
    </Filter>
    <Filter Include="头文件">
      <UniqueIdentifier>{93995380-89BD-4b04-88EB-625FBE52EBFB}</UniqueIdentifier>
      <Extensions>h;hh;hpp;hxx;hm;inl;inc;ipp;xsd</Extensions>
    </Filter>
    <Filter Include="资源文件">
      <UniqueIdentifier>{67DA6AB6-F800-4c08-8B7A-83BB121AAD01}</UniqueIdentifier>
      <Extensions>rc;ico;cur;bmp;dlg;rc2;rct;bin;rgs;gif;jpg;jpeg;jpe;resx;tiff;tif;png;wav;mfcribbon-ms</Extensions>
    </Filter>
    <Filter Include="源文件\exsrc">
      <UniqueIdentifier>{435bec7c-ef3d-48f4-83c5-58e7cf6922b8}</UniqueIdentifier>
    </Filter>
    <Filter Include="头文件\mssm">
      <UniqueIdentifier>{b4ab317d-6b13-4a82-aefc-c4c8cd89868d}</UniqueIdentifier>
    </Filter>
    <Filter Include="头文件\mssm\presentation">
      <UniqueIdentifier>{b79efc7c-2fb5-4d37-8eb6-811623d5b2a6}</UniqueIdentifier>
    </Filter>
  </ItemGroup>
  <ItemGroup>
    <ClInclude Include="desktopapp.h">
      <Filter>头文件</Filter>
    </ClInclude>
    <ClInclude Include="stdafx.h">
      <Filter>头文件</Filter>
    </ClInclude>
    <ClInclude Include="BaseForm.h">
      <Filter>头文件</Filter>
    </ClInclude>
    <ClInclude Include="BaseWindow.h">
      <Filter>头文件</Filter>
    </ClInclude>
    <ClInclude Include="D2dTest.h">
      <Filter>头文件</Filter>
    </ClInclude>
    <ClInclude Include="logger.h">
      <Filter>头文件</Filter>
    </ClInclude>
    <ClInclude Include="sm_entity.hpp">
      <Filter>头文件</Filter>
    </ClInclude>
    <ClInclude Include="resource.h">
      <Filter>头文件</Filter>
    </ClInclude>
    <ClInclude Include="mssm\include\mssm\presentation\beam.hpp">
      <Filter>头文件\mssm\presentation</Filter>
    </ClInclude>
    <ClInclude Include="mssm\include\mssm\presentation\d2d1utils.hpp">
      <Filter>头文件\mssm\presentation</Filter>
    </ClInclude>
    <ClInclude Include="mssm\include\mssm\presentation\generic_entity.hpp">
      <Filter>头文件\mssm\presentation</Filter>
    </ClInclude>
    <ClInclude Include="mssm\include\mssm\presentation\line_segment.hpp">
      <Filter>头文件\mssm\presentation</Filter>
    </ClInclude>
    <ClInclude Include="mssm\include\mssm\presentation\node.hpp">
      <Filter>头文件\mssm\presentation</Filter>
    </ClInclude>
    <ClInclude Include="mssm\include\mssm\presentation\presentation.hpp">
      <Filter>头文件\mssm\presentation</Filter>
    </ClInclude>
    <ClInclude Include="mssm\include\mssm\presentation\support.hpp">
      <Filter>头文件\mssm\presentation</Filter>
    </ClInclude>
    <ClInclude Include="mssm\include\mssm\presentation\windows_helper.hpp">
      <Filter>头文件\mssm\presentation</Filter>
    </ClInclude>
  </ItemGroup>
  <ItemGroup>
    <ClCompile Include="desktopapp.cpp">
      <Filter>源文件</Filter>
    </ClCompile>
    <ClCompile Include="stdafx.cpp">
      <Filter>源文件</Filter>
    </ClCompile>
    <ClCompile Include="BaseForm.cpp">
      <Filter>源文件</Filter>
    </ClCompile>
    <ClCompile Include="main.cpp">
      <Filter>源文件</Filter>
    </ClCompile>
    <ClCompile Include="D2DTest.cpp">
      <Filter>源文件</Filter>
    </ClCompile>
    <ClCompile Include="logger.cpp">
      <Filter>源文件</Filter>
    </ClCompile>
    <ClCompile Include="sm_entity.cpp">
      <Filter>源文件</Filter>
    </ClCompile>
    <ClCompile Include="mssm\src\expression\expression.cpp">
      <Filter>源文件\exsrc</Filter>
    </ClCompile>
    <ClCompile Include="mssm\src\matrix\matrix.cpp">
      <Filter>源文件\exsrc</Filter>
    </ClCompile>
    <ClCompile Include="mssm\src\model\model.cpp">
      <Filter>源文件\exsrc</Filter>
    </ClCompile>
    <ClCompile Include="mssm\src\presentation\presentation.cpp">
      <Filter>源文件\exsrc</Filter>
    </ClCompile>
  </ItemGroup>
  <ItemGroup>
    <ResourceCompile Include="ImageResources.rc">
      <Filter>资源文件</Filter>
    </ResourceCompile>
  </ItemGroup>
</Project>